dependencies:
- name: postgresql
  repository: https://charts.bitnami.com/bitnami
  version: 16.7.27
- name: redis
  repository: https://charts.bitnami.com/bitnami
  version: 19.6.4
digest: sha256:8e51167a3a75e0e208f740ced451bec31a00cb8a93ea2afcf158d768950b259a
generated: "2026-02-16T23:36:29.60536-08:00"
